// !$*UTF8*$!
{
	archiveVersion = 1;
	classes = {
	};
	objectVersion = 50;
	objects = {

/* Begin PBXBuildFile section */
		0051B63F2214EA5E006155C2 /* AppDelegate.swift in Sources */ = {isa = PBXBuildFile; fileRef = 0051B63E2214EA5E006155C2 /* AppDelegate.swift */; };
		0051B6412214EA5E006155C2 /* ViewController.swift in Sources */ = {isa = PBXBuildFile; fileRef = 0051B6402214EA5E006155C2 /* ViewController.swift */; };
		0051B6442214EA5E006155C2 /* Main.storyboard in Resources */ = {isa = PBXBuildFile; fileRef = 0051B6422214EA5E006155C2 /* Main.storyboard */; };
		0051B6462214EA5F006155C2 /* Assets.xcassets in Resources */ = {isa = PBXBuildFile; fileRef = 0051B6452214EA5F006155C2 /* Assets.xcassets */; };
		0051B6492214EA5F006155C2 /* LaunchScreen.storyboard in Resources */ = {isa = PBXBuildFile; fileRef = 0051B6472214EA5F006155C2 /* LaunchScreen.storyboard */; };
		0051B6512214EC93006155C2 /* DataManager.swift in Sources */ = {isa = PBXBuildFile; fileRef = 0051B6502214EC93006155C2 /* DataManager.swift */; };
		0051B6532214EE26006155C2 /* TestData.json in Resources */ = {isa = PBXBuildFile; fileRef = 0051B6522214EE26006155C2 /* TestData.json */; };
		0051B6552214EE60006155C2 /* Models.swift in Sources */ = {isa = PBXBuildFile; fileRef = 0051B6542214EE60006155C2 /* Models.swift */; };
		0051B6572214F375006155C2 /* BattleModel.swift in Sources */ = {isa = PBXBuildFile; fileRef = 0051B6562214F375006155C2 /* BattleModel.swift */; };
		71C8222BEC272F5D9EF1967A /* Pods_alphabattle.framework in Frameworks */ = {isa = PBXBuildFile; fileRef = 78FC7592B71E46FCE9B6E310 /* Pods_alphabattle.framework */; };
/* End PBXBuildFile section */

/* Begin PBXFileReference section */
		0051B63B2214EA5E006155C2 /* alphabattle.app */ = {isa = PBXFileReference; explicitFileType = wrapper.application; includeInIndex = 0; path = alphabattle.app; sourceTree = BUILT_PRODUCTS_DIR; };
		0051B63E2214EA5E006155C2 /* AppDelegate.swift */ = {isa = PBXFileReference; lastKnownFileType = sourcecode.swift; path = AppDelegate.swift; sourceTree = "<group>"; };
		0051B6402214EA5E006155C2 /* ViewController.swift */ = {isa = PBXFileReference; lastKnownFileType = sourcecode.swift; path = ViewController.swift; sourceTree = "<group>"; };
		0051B6432214EA5E006155C2 /* Base */ = {isa = PBXFileReference; lastKnownFileType = file.storyboard; name = Base; path = Base.lproj/Main.storyboard; sourceTree = "<group>"; };
		0051B6452214EA5F006155C2 /* Assets.xcassets */ = {isa = PBXFileReference; lastKnownFileType = folder.assetcatalog; path = Assets.xcassets; sourceTree = "<group>"; };
		0051B6482214EA5F006155C2 /* Base */ = {isa = PBXFileReference; lastKnownFileType = file.storyboard; name = Base; path = Base.lproj/LaunchScreen.storyboard; sourceTree = "<group>"; };
		0051B64A2214EA5F006155C2 /* Info.plist */ = {isa = PBXFileReference; lastKnownFileType = text.plist.xml; path = Info.plist; sourceTree = "<group>"; };
		0051B6502214EC93006155C2 /* DataManager.swift */ = {isa = PBXFileReference; lastKnownFileType = sourcecode.swift; path = DataManager.swift; sourceTree = "<group>"; };
		0051B6522214EE26006155C2 /* TestData.json */ = {isa = PBXFileReference; lastKnownFileType = text.json; path = TestData.json; sourceTree = "<group>"; };
		0051B6542214EE60006155C2 /* Models.swift */ = {isa = PBXFileReference; lastKnownFileType = sourcecode.swift; path = Models.swift; sourceTree = "<group>"; };
		0051B6562214F375006155C2 /* BattleModel.swift */ = {isa = PBXFileReference; lastKnownFileType = sourcecode.swift; path = BattleModel.swift; sourceTree = "<group>"; };
		591BA2DD8CF8198BF3B29F12 /* Pods-alphabattle.release.xcconfig */ = {isa = PBXFileReference; includeInIndex = 1; lastKnownFileType = text.xcconfig; name = "Pods-alphabattle.release.xcconfig"; path = "Target Support Files/Pods-alphabattle/Pods-alphabattle.release.xcconfig"; sourceTree = "<group>"; };
		73D47845ACDA7236DB98BE60 /* Pods-alphabattle.debug.xcconfig */ = {isa = PBXFileReference; includeInIndex = 1; lastKnownFileType = text.xcconfig; name = "Pods-alphabattle.debug.xcconfig"; path = "Target Support Files/Pods-alphabattle/Pods-alphabattle.debug.xcconfig"; sourceTree = "<group>"; };
		78FC7592B71E46FCE9B6E310 /* Pods_alphabattle.framework */ = {isa = PBXFileReference; explicitFileType = wrapper.framework; includeInIndex = 0; path = Pods_alphabattle.framework; sourceTree = BUILT_PRODUCTS_DIR; };
/* End PBXFileReference section */

/* Begin PBXFrameworksBuildPhase section */
		0051B6382214EA5E006155C2 /* Frameworks */ = {
			isa = PBXFrameworksBuildPhase;
			buildActionMask = 2147483647;
			files = (
				71C8222BEC272F5D9EF1967A /* Pods_alphabattle.framework in Frameworks */,
			);
			runOnlyForDeploymentPostprocessing = 0;
		};
/* End PBXFrameworksBuildPhase section */

/* Begin PBXGroup section */
		0051B6322214EA5D006155C2 = {
			isa = PBXGroup;
			children = (
				0051B63D2214EA5E006155C2 /* alphabattle */,
				0051B63C2214EA5E006155C2 /* Products */,
				B6EC61C37A7E83BED5B88A20 /* Pods */,
				D65C662E1DCA8147DD78C53B /* Frameworks */,
			);
			sourceTree = "<group>";
		};
		0051B63C2214EA5E006155C2 /* Products */ = {
			isa = PBXGroup;
			children = (
				0051B63B2214EA5E006155C2 /* alphabattle.app */,
			);
			name = Products;
			sourceTree = "<group>";
		};
		0051B63D2214EA5E006155C2 /* alphabattle */ = {
			isa = PBXGroup;
			children = (
				0051B63E2214EA5E006155C2 /* AppDelegate.swift */,
				0051B6402214EA5E006155C2 /* ViewController.swift */,
				0051B6422214EA5E006155C2 /* Main.storyboard */,
				0051B6452214EA5F006155C2 /* Assets.xcassets */,
				0051B6472214EA5F006155C2 /* LaunchScreen.storyboard */,
				0051B64A2214EA5F006155C2 /* Info.plist */,
				0051B6502214EC93006155C2 /* DataManager.swift */,
				0051B6522214EE26006155C2 /* TestData.json */,
				0051B6542214EE60006155C2 /* Models.swift */,
				0051B6562214F375006155C2 /* BattleModel.swift */,
			);
			path = alphabattle;
			sourceTree = "<group>";
		};
		B6EC61C37A7E83BED5B88A20 /* Pods */ = {
			isa = PBXGroup;
			children = (
				73D47845ACDA7236DB98BE60 /* Pods-alphabattle.debug.xcconfig */,
				591BA2DD8CF8198BF3B29F12 /* Pods-alphabattle.release.xcconfig */,
			);
			path = Pods;
			sourceTree = "<group>";
		};
		D65C662E1DCA8147DD78C53B /* Frameworks */ = {
			isa = PBXGroup;
			children = (
				78FC7592B71E46FCE9B6E310 /* Pods_alphabattle.framework */,
			);
			name = Frameworks;
			sourceTree = "<group>";
		};
/* End PBXGroup section */

/* Begin PBXNativeTarget section */
		0051B63A2214EA5E006155C2 /* alphabattle */ = {
			isa = PBXNativeTarget;
			buildConfigurationList = 0051B64D2214EA5F006155C2 /* Build configuration list for PBXNativeTarget "alphabattle" */;
			buildPhases = (
				FA28D32FA058E44432E97B00 /* [CP] Check Pods Manifest.lock */,
				0051B6372214EA5E006155C2 /* Sources */,
				0051B6382214EA5E006155C2 /* Frameworks */,
				0051B6392214EA5E006155C2 /* Resources */,
				945DAD426026829340EE1C3C /* [CP] Embed Pods Frameworks */,
			);
			buildRules = (
			);
			dependencies = (
			);
			name = alphabattle;
			productName = alphabattle;
			productReference = 0051B63B2214EA5E006155C2 /* alphabattle.app */;
			productType = "com.apple.product-type.application";
		};
/* End PBXNativeTarget section */

/* Begin PBXProject section */
		0051B6332214EA5D006155C2 /* Project object */ = {
			isa = PBXProject;
			attributes = {
				LastSwiftUpdateCheck = 1010;
				LastUpgradeCheck = 1010;
				ORGANIZATIONNAME = "Timothy Ludi";
				TargetAttributes = {
					0051B63A2214EA5E006155C2 = {
						CreatedOnToolsVersion = 10.1;
					};
				};
			};
			buildConfigurationList = 0051B6362214EA5D006155C2 /* Build configuration list for PBXProject "alphabattle" */;
			compatibilityVersion = "Xcode 9.3";
			developmentRegion = en;
			hasScannedForEncodings = 0;
			knownRegions = (
				en,
				Base,
			);
			mainGroup = 0051B6322214EA5D006155C2;
			productRefGroup = 0051B63C2214EA5E006155C2 /* Products */;
			projectDirPath = "";
			projectRoot = "";
			targets = (
				0051B63A2214EA5E006155C2 /* alphabattle */,
			);
		};
/* End PBXProject section */

/* Begin PBXResourcesBuildPhase section */
		0051B6392214EA5E006155C2 /* Resources */ = {
			isa = PBXResourcesBuildPhase;
			buildActionMask = 2147483647;
			files = (
				0051B6492214EA5F006155C2 /* LaunchScreen.storyboard in Resources */,
				0051B6462214EA5F006155C2 /* Assets.xcassets in Resources */,
				0051B6442214EA5E006155C2 /* Main.storyboard in Resources */,
				0051B6532214EE26006155C2 /* TestData.json in Resources */,
			);
			runOnlyForDeploymentPostprocessing = 0;
		};
/* End PBXResourcesBuildPhase section */

/* Begin PBXShellScriptBuildPhase section */
		945DAD426026829340EE1C3C /* [CP] Embed Pods Frameworks */ = {
			isa = PBXShellScriptBuildPhase;
			buildActionMask = 2147483647;
			files = (
			);
			inputFileListPaths = (
			);
			inputPaths = (
				"${PODS_ROOT}/Target Support Files/Pods-alphabattle/Pods-alphabattle-frameworks.sh",
				"${BUILT_PRODUCTS_DIR}/Realm/Realm.framework",
				"${BUILT_PRODUCTS_DIR}/RealmSwift/RealmSwift.framework",
			);
			name = "[CP] Embed Pods Frameworks";
			outputFileListPaths = (
			);
			outputPaths = (
				"${TARGET_BUILD_DIR}/${FRAMEWORKS_FOLDER_PATH}/Realm.framework",
				"${TARGET_BUILD_DIR}/${FRAMEWORKS_FOLDER_PATH}/RealmSwift.framework",
			);
			runOnlyForDeploymentPostprocessing = 0;
			shellPath = /bin/sh;
			shellScript = "\"${PODS_ROOT}/Target Support Files/Pods-alphabattle/Pods-alphabattle-frameworks.sh\"\n";
			showEnvVarsInLog = 0;
		};
		FA28D32FA058E44432E97B00 /* [CP] Check Pods Manifest.lock */ = {
			isa = PBXShellScriptBuildPhase;
			buildActionMask = 2147483647;
			files = (
			);
			inputFileListPaths = (
			);
			inputPaths = (
				"${PODS_PODFILE_DIR_PATH}/Podfile.lock",
				"${PODS_ROOT}/Manifest.lock",
			);
			name = "[CP] Check Pods Manifest.lock";
			outputFileListPaths = (
			);
			outputPaths = (
				"$(DERIVED_FILE_DIR)/Pods-alphabattle-checkManifestLockResult.txt",
			);
			runOnlyForDeploymentPostprocessing = 0;
			shellPath = /bin/sh;
			shellScript = "diff \"${PODS_PODFILE_DIR_PATH}/Podfile.lock\" \"${PODS_ROOT}/Manifest.lock\" > /dev/null\nif [ $? != 0 ] ; then\n    # print error to STDERR\n    echo \"error: The sandbox is not in sync with the Podfile.lock. Run 'pod install' or update your CocoaPods installation.\" >&2\n    exit 1\nfi\n# This output is used by Xcode 'outputs' to avoid re-running this script phase.\necho \"SUCCESS\" > \"${SCRIPT_OUTPUT_FILE_0}\"\n";
			showEnvVarsInLog = 0;
		};
/* End PBXShellScriptBuildPhase section */

/* Begin PBXSourcesBuildPhase section */
		0051B6372214EA5E006155C2 /* Sources */ = {
			isa = PBXSourcesBuildPhase;
			buildActionMask = 2147483647;
			files = (
				0051B6412214EA5E006155C2 /* ViewController.swift in Sources */,
				0051B6512214EC93006155C2 /* DataManager.swift in Sources */,
				0051B6572214F375006155C2 /* BattleModel.swift in Sources */,
				0051B63F2214EA5E006155C2 /* AppDelegate.swift in Sources */,
				0051B6552214EE60006155C2 /* Models.swift in Sources */,
			);
			runOnlyForDeploymentPostprocessing = 0;
		};
/* End PBXSourcesBuildPhase section */

/* Begin PBXVariantGroup section */
		0051B6422214EA5E006155C2 /* Main.storyboard */ = {
			isa = PBXVariantGroup;
			children = (
				0051B6432214EA5E006155C2 /* Base */,
			);
			name = Main.storyboard;
			sourceTree = "<group>";
		};
		0051B6472214EA5F006155C2 /* LaunchScreen.storyboard */ = {
			isa = PBXVariantGroup;
			children = (
				0051B6482214EA5F006155C2 /* Base */,
			);
			name = LaunchScreen.storyboard;
			sourceTree = "<group>";
		};
/* End PBXVariantGroup section */

/* Begin XCBuildConfiguration section */
		0051B64B2214EA5F006155C2 /* Debug */ = {
			isa = XCBuildConfiguration;
			buildSettings = {
				ALWAYS_SEARCH_USER_PATHS = NO;
				CLANG_ANALYZER_NONNULL = YES;
				CLANG_ANALYZER_NUMBER_OBJECT_CONVERSION = YES_AGGRESSIVE;
				CLANG_CXX_LANGUAGE_STANDARD = "gnu++14";
				CLANG_CXX_LIBRARY = "libc++";
				CLANG_ENABLE_MODULES = YES;
				CLANG_ENABLE_OBJC_ARC = YES;
				CLANG_ENABLE_OBJC_WEAK = YES;
				CLANG_WARN_BLOCK_CAPTURE_AUTORELEASING = YES;
				CLANG_WARN_BOOL_CONVERSION = YES;
				CLANG_WARN_COMMA = YES;
				CLANG_WARN_CONSTANT_CONVERSION = YES;
				CLANG_WARN_DEPRECATED_OBJC_IMPLEMENTATIONS = YES;
				CLANG_WARN_DIRECT_OBJC_ISA_USAGE = YES_ERROR;
				CLANG_WARN_DOCUMENTATION_COMMENTS = YES;
				CLANG_WARN_EMPTY_BODY = YES;
				CLANG_WARN_ENUM_CONVERSION = YES;
				CLANG_WARN_INFINITE_RECURSION = YES;
				CLANG_WARN_INT_CONVERSION = YES;
				CLANG_WARN_NON_LITERAL_NULL_CONVERSION = YES;
				CLANG_WARN_OBJC_IMPLICIT_RETAIN_SELF = YES;
				CLANG_WARN_OBJC_LITERAL_CONVERSION = YES;
				CLANG_WARN_OBJC_ROOT_CLASS = YES_ERROR;
				CLANG_WARN_RANGE_LOOP_ANALYSIS = YES;
				CLANG_WARN_STRICT_PROTOTYPES = YES;
				CLANG_WARN_SUSPICIOUS_MOVE = YES;
				CLANG_WARN_UNGUARDED_AVAILABILITY = YES_AGGRESSIVE;
				CLANG_WARN_UNREACHABLE_CODE = YES;
				CLANG_WARN__DUPLICATE_METHOD_MATCH = YES;
				CODE_SIGN_IDENTITY = "iPhone Developer";
				COPY_PHASE_STRIP = NO;
				DEBUG_INFORMATION_FORMAT = dwarf;
				ENABLE_STRICT_OBJC_MSGSEND = YES;
				ENABLE_TESTABILITY = YES;
				GCC_C_LANGUAGE_STANDARD = gnu11;
				GCC_DYNAMIC_NO_PIC = NO;
				GCC_NO_COMMON_BLOCKS = YES;
				GCC_OPTIMIZATION_LEVEL = 0;
				GCC_PREPROCESSOR_DEFINITIONS = (
					"DEBUG=1",
					"$(inherited)",
				);
				GCC_WARN_64_TO_32_BIT_CONVERSION = YES;
				GCC_WARN_ABOUT_RETURN_TYPE = YES_ERROR;
				GCC_WARN_UNDECLARED_SELECTOR = YES;
				GCC_WARN_UNINITIALIZED_AUTOS = YES_AGGRESSIVE;
				GCC_WARN_UNUSED_FUNCTION = YES;
				GCC_WARN_UNUSED_VARIABLE = YES;
				IPHONEOS_DEPLOYMENT_TARGET = 12.1;
				MTL_ENABLE_DEBUG_INFO = INCLUDE_SOURCE;
				MTL_FAST_MATH = YES;
				ONLY_ACTIVE_ARCH = YES;
				SDKROOT = iphoneos;
				SWIFT_ACTIVE_COMPILATION_CONDITIONS = DEBUG;
				SWIFT_OPTIMIZATION_LEVEL = "-Onone";
			};
			name = Debug;
		};
		0051B64C2214EA5F006155C2 /* Release */ = {
			isa = XCBuildConfiguration;
			buildSettings = {
				ALWAYS_SEARCH_USER_PATHS = NO;
				CLANG_ANALYZER_NONNULL = YES;
				CLANG_ANALYZER_NUMBER_OBJECT_CONVERSION = YES_AGGRESSIVE;
				CLANG_CXX_LANGUAGE_STANDARD = "gnu++14";
				CLANG_CXX_LIBRARY = "libc++";
				CLANG_ENABLE_MODULES = YES;
				CLANG_ENABLE_OBJC_ARC = YES;
				CLANG_ENABLE_OBJC_WEAK = YES;
				CLANG_WARN_BLOCK_CAPTURE_AUTORELEASING = YES;
				CLANG_WARN_BOOL_CONVERSION = YES;
				CLANG_WARN_COMMA = YES;
				CLANG_WARN_CONSTANT_CONVERSION = YES;
				CLANG_WARN_DEPRECATED_OBJC_IMPLEMENTATIONS = YES;
				CLANG_WARN_DIRECT_OBJC_ISA_USAGE = YES_ERROR;
				CLANG_WARN_DOCUMENTATION_COMMENTS = YES;
				CLANG_WARN_EMPTY_BODY = YES;
				CLANG_WARN_ENUM_CONVERSION = YES;
				CLANG_WARN_INFINITE_RECURSION = YES;
				CLANG_WARN_INT_CONVERSION = YES;
				CLANG_WARN_NON_LITERAL_NULL_CONVERSION = YES;
				CLANG_WARN_OBJC_IMPLICIT_RETAIN_SELF = YES;
				CLANG_WARN_OBJC_LITERAL_CONVERSION = YES;
				CLANG_WARN_OBJC_ROOT_CLASS = YES_ERROR;
				CLANG_WARN_RANGE_LOOP_ANALYSIS = YES;
				CLANG_WARN_STRICT_PROTOTYPES = YES;
				CLANG_WARN_SUSPICIOUS_MOVE = YES;
				CLANG_WARN_UNGUARDED_AVAILABILITY = YES_AGGRESSIVE;
				CLANG_WARN_UNREACHABLE_CODE = YES;
				CLANG_WARN__DUPLICATE_METHOD_MATCH = YES;
				CODE_SIGN_IDENTITY = "iPhone Developer";
				COPY_PHASE_STRIP = NO;
				DEBUG_INFORMATION_FORMAT = "dwarf-with-dsym";
				ENABLE_NS_ASSERTIONS = NO;
				ENABLE_STRICT_OBJC_MSGSEND = YES;
				GCC_C_LANGUAGE_STANDARD = gnu11;
				GCC_NO_COMMON_BLOCKS = YES;
				GCC_WARN_64_TO_32_BIT_CONVERSION = YES;
				GCC_WARN_ABOUT_RETURN_TYPE = YES_ERROR;
				GCC_WARN_UNDECLARED_SELECTOR = YES;
				GCC_WARN_UNINITIALIZED_AUTOS = YES_AGGRESSIVE;
				GCC_WARN_UNUSED_FUNCTION = YES;
				GCC_WARN_UNUSED_VARIABLE = YES;
				IPHONEOS_DEPLOYMENT_TARGET = 12.1;
				MTL_ENABLE_DEBUG_INFO = NO;
				MTL_FAST_MATH = YES;
				SDKROOT = iphoneos;
				SWIFT_COMPILATION_MODE = wholemodule;
				SWIFT_OPTIMIZATION_LEVEL = "-O";
				VALIDATE_PRODUCT = YES;
			};
			name = Release;
		};
		0051B64E2214EA5F006155C2 /* Debug */ = {
			isa = XCBuildConfiguration;
			baseConfigurationReference = 73D47845ACDA7236DB98BE60 /* Pods-alphabattle.debug.xcconfig */;
			buildSettings = {
				ASSETCATALOG_COMPILER_APPICON_NAME = AppIcon;
				CODE_SIGN_STYLE = Automatic;
				DEVELOPMENT_TEAM = LWH67H9CS7;
				INFOPLIST_FILE = alphabattle/Info.plist;
				LD_RUNPATH_SEARCH_PATHS = (
					"$(inherited)",
					"@executable_path/Frameworks",
				);
				PRODUCT_BUNDLE_IDENTIFIER = com.oatmealLabs.alphabattle;
				PRODUCT_NAME = "$(TARGET_NAME)";
				SWIFT_VERSION = 4.2;
				TARGETED_DEVICE_FAMILY = "1,2";
			};
			name = Debug;
		};
		0051B64F2214EA5F006155C2 /* Release */ = {
			isa = XCBuildConfiguration;
			baseConfigurationReference = 591BA2DD8CF8198BF3B29F12 /* Pods-alphabattle.release.xcconfig */;
			buildSettings = {
				ASSETCATALOG_COMPILER_APPICON_NAME = AppIcon;
				CODE_SIGN_STYLE = Automatic;
				DEVELOPMENT_TEAM = LWH67H9CS7;
				INFOPLIST_FILE = alphabattle/Info.plist;
				LD_RUNPATH_SEARCH_PATHS = (
					"$(inherited)",
					"@executable_path/Frameworks",
				);
				PRODUCT_BUNDLE_IDENTIFIER = com.oatmealLabs.alphabattle;
				PRODUCT_NAME = "$(TARGET_NAME)";
				SWIFT_VERSION = 4.2;
				TARGETED_DEVICE_FAMILY = "1,2";
			};
			name = Release;
		};
/* End XCBuildConfiguration section */

/* Begin XCConfigurationList section */
		0051B6362214EA5D006155C2 /* Build configuration list for PBXProject "alphabattle" */ = {
			isa = XCConfigurationList;
			buildConfigurations = (
				0051B64B2214EA5F006155C2 /* Debug */,
				0051B64C2214EA5F006155C2 /* Release */,
			);
			defaultConfigurationIsVisible = 0;
			defaultConfigurationName = Release;
		};
		0051B64D2214EA5F006155C2 /* Build configuration list for PBXNativeTarget "alphabattle" */ = {
			isa = XCConfigurationList;
			buildConfigurations = (
				0051B64E2214EA5F006155C2 /* Debug */,
				0051B64F2214EA5F006155C2 /* Release */,
			);
			defaultConfigurationIsVisible = 0;
			defaultConfigurationName = Release;
		};
/* End XCConfigurationList section */
	};
	rootObject = 0051B6332214EA5D006155C2 /* Project object */;
}
